
Microsoft Visual Studio Solution File, Format Version 12.00
# Visual Studio Version 16
VisualStudioVersion = 16.0.30907.101
MinimumVisualStudioVersion = 10.0.40219.1
Project("{2150E333-8FDC-42A3-9474-1A3956D46DE8}") = "src", "src", "{42184AE9-5E99-4E47-B241-13B863DD5E28}"
EndProject
Project("{2150E333-8FDC-42A3-9474-1A3956D46DE8}") = "View", "View", "{8B926F68-55A0-471D-910D-148585F3AC86}"
	ProjectSection(SolutionItems) = preProject
		src\View\DefaultWebBrowser.xaml = src\View\DefaultWebBrowser.xaml
		src\View\DefaultWebBrowser.xaml.cs = src\View\DefaultWebBrowser.xaml.cs
	EndProjectSection
EndProject
Project("{2150E333-8FDC-42A3-9474-1A3956D46DE8}") = "ViewModel", "ViewModel", "{3AF6448C-D938-4931-B4B6-A52DDCBB6E3F}"
	ProjectSection(SolutionItems) = preProject
		src\ViewModel\DefaultWebBrowserViewModel.cs = src\ViewModel\DefaultWebBrowserViewModel.cs
	EndProjectSection
EndProject
Project("{FAE04EC0-301F-11D3-BF4B-00C04F79EFBC}") = "Atomus.Windows.Controls.WebBrowser.DefaultWebBrowser(dotNet)", "dotNet\Atomus.Windows.Controls.WebBrowser.DefaultWebBrowser(dotNet).csproj", "{D1000788-AA7A-48D9-B3A5-A17B094E0996}"
EndProject
Global
	GlobalSection(SolutionConfigurationPlatforms) = preSolution
		Debug|Any CPU = Debug|Any CPU
		Release|Any CPU = Release|Any CPU
	EndGlobalSection
	GlobalSection(ProjectConfigurationPlatforms) = postSolution
		{D1000788-AA7A-48D9-B3A5-A17B094E0996}.Debug|Any CPU.ActiveCfg = Debug|Any CPU
		{D1000788-AA7A-48D9-B3A5-A17B094E0996}.Debug|Any CPU.Build.0 = Debug|Any CPU
		{D1000788-AA7A-48D9-B3A5-A17B094E0996}.Release|Any CPU.ActiveCfg = Release|Any CPU
		{D1000788-AA7A-48D9-B3A5-A17B094E0996}.Release|Any CPU.Build.0 = Release|Any CPU
	EndGlobalSection
	GlobalSection(SolutionProperties) = preSolution
		HideSolutionNode = FALSE
	EndGlobalSection
	GlobalSection(NestedProjects) = preSolution
		{8B926F68-55A0-471D-910D-148585F3AC86} = {42184AE9-5E99-4E47-B241-13B863DD5E28}
		{3AF6448C-D938-4931-B4B6-A52DDCBB6E3F} = {42184AE9-5E99-4E47-B241-13B863DD5E28}
	EndGlobalSection
	GlobalSection(ExtensibilityGlobals) = postSolution
		SolutionGuid = {B4AADD9B-7DA4-4E9E-903E-6163E3195FB2}
	EndGlobalSection
EndGlobal
